
Microsoft Visual Studio Solution File, Format Version 12.00
# Visual Studio 15
Project("{FAE04EC0-301F-11D3-BF4B-00C04F79EFBC}") = "Assembly-CSharp", "Assembly-CSharp.csproj", "{FF433E05-AD14-0432-6480-A81176EBC8C5}"
EndProject
Project("{FAE04EC0-301F-11D3-BF4B-00C04F79EFBC}") = "Assembly-CSharp-Editor", "Assembly-CSharp-Editor.csproj", "{92C983ED-42A0-518A-640C-ECFBCB51D9DA}"
EndProject
Global
	GlobalSection(SolutionConfigurationPlatforms) = preSolution
		Debug|Any CPU = Debug|Any CPU
		Release|Any CPU = Release|Any CPU
	EndGlobalSection
	GlobalSection(ProjectConfigurationPlatforms) = postSolution
		{FF433E05-AD14-0432-6480-A81176EBC8C5}.Debug|Any CPU.ActiveCfg = Debug|Any CPU
		{FF433E05-AD14-0432-6480-A81176EBC8C5}.Debug|Any CPU.Build.0 = Debug|Any CPU
		{FF433E05-AD14-0432-6480-A81176EBC8C5}.Release|Any CPU.ActiveCfg = Release|Any CPU
		{FF433E05-AD14-0432-6480-A81176EBC8C5}.Release|Any CPU.Build.0 = Release|Any CPU
		{92C983ED-42A0-518A-640C-ECFBCB51D9DA}.Debug|Any CPU.ActiveCfg = Debug|Any CPU
		{92C983ED-42A0-518A-640C-ECFBCB51D9DA}.Debug|Any CPU.Build.0 = Debug|Any CPU
		{92C983ED-42A0-518A-640C-ECFBCB51D9DA}.Release|Any CPU.ActiveCfg = Release|Any CPU
		{92C983ED-42A0-518A-640C-ECFBCB51D9DA}.Release|Any CPU.Build.0 = Release|Any CPU
	EndGlobalSection
	GlobalSection(SolutionProperties) = preSolution
		HideSolutionNode = FALSE
	EndGlobalSection
EndGlobal
